
Microsoft Visual Studio Solution File, Format Version 12.00
# Visual Studio Version 16
VisualStudioVersion = 16.0.30523.141
MinimumVisualStudioVersion = 10.0.40219.1
Project("{FAE04EC0-301F-11D3-BF4B-00C04F79EFBC}") = "ClassLibraryForYa", "ClassLibraryForYa\ClassLibraryForYa.csproj", "{3E93E485-2841-4F49-9968-339D1B6C9ACD}"
EndProject
Project("{FAE04EC0-301F-11D3-BF4B-00C04F79EFBC}") = "ClassLibraryForYa.Tests", "ClassLibraryForYa.Tests\ClassLibraryForYa.Tests.csproj", "{1D14CDC4-053A-414C-9A83-505AEC7A7F14}"
EndProject
Global
	GlobalSection(SolutionConfigurationPlatforms) = preSolution
		Debug|Any CPU = Debug|Any CPU
		Release|Any CPU = Release|Any CPU
	EndGlobalSection
	GlobalSection(ProjectConfigurationPlatforms) = postSolution
		{3E93E485-2841-4F49-9968-339D1B6C9ACD}.Debug|Any CPU.ActiveCfg = Debug|Any CPU
		{3E93E485-2841-4F49-9968-339D1B6C9ACD}.Debug|Any CPU.Build.0 = Debug|Any CPU
		{3E93E485-2841-4F49-9968-339D1B6C9ACD}.Release|Any CPU.ActiveCfg = Release|Any CPU
		{3E93E485-2841-4F49-9968-339D1B6C9ACD}.Release|Any CPU.Build.0 = Release|Any CPU
		{1D14CDC4-053A-414C-9A83-505AEC7A7F14}.Debug|Any CPU.ActiveCfg = Debug|Any CPU
		{1D14CDC4-053A-414C-9A83-505AEC7A7F14}.Debug|Any CPU.Build.0 = Debug|Any CPU
		{1D14CDC4-053A-414C-9A83-505AEC7A7F14}.Release|Any CPU.ActiveCfg = Release|Any CPU
		{1D14CDC4-053A-414C-9A83-505AEC7A7F14}.Release|Any CPU.Build.0 = Release|Any CPU
	EndGlobalSection
	GlobalSection(SolutionProperties) = preSolution
		HideSolutionNode = FALSE
	EndGlobalSection
	GlobalSection(ExtensibilityGlobals) = postSolution
		SolutionGuid = {62F4671B-F302-48F7-9905-CD85A2FBD19A}
	EndGlobalSection
EndGlobal
